// !$*UTF8*$!
{
	archiveVersion = 1;
	classes = {
	};
	objectVersion = 56;
	objects = {

/* Begin PBXBuildFile section */
		490B4CC22ADF88000039E21B /* Modulo13TestApp.swift in Sources */ = {isa = PBXBuildFile; fileRef = 490B4CC12ADF88000039E21B /* Modulo13TestApp.swift */; };
		490B4CC42ADF88000039E21B /* ContentView.swift in Sources */ = {isa = PBXBuildFile; fileRef = 490B4CC32ADF88000039E21B /* ContentView.swift */; };
		490B4CC62ADF88030039E21B /* Assets.xcassets in Resources */ = {isa = PBXBuildFile; fileRef = 490B4CC52ADF88030039E21B /* Assets.xcassets */; };
		490B4CC92ADF88030039E21B /* Preview Assets.xcassets in Resources */ = {isa = PBXBuildFile; fileRef = 490B4CC82ADF88030039E21B /* Preview Assets.xcassets */; };
		490B4CD32ADF88030039E21B /* Modulo13TestTests.swift in Sources */ = {isa = PBXBuildFile; fileRef = 490B4CD22ADF88030039E21B /* Modulo13TestTests.swift */; };
		490B4CDD2ADF88030039E21B /* Modulo13TestUITests.swift in Sources */ = {isa = PBXBuildFile; fileRef = 490B4CDC2ADF88030039E21B /* Modulo13TestUITests.swift */; };
		490B4CDF2ADF88030039E21B /* Modulo13TestUITestsLaunchTests.swift in Sources */ = {isa = PBXBuildFile; fileRef = 490B4CDE2ADF88030039E21B /* Modulo13TestUITestsLaunchTests.swift */; };
		490B4CEC2ADF88240039E21B /* MatematicsOperation.swift in Sources */ = {isa = PBXBuildFile; fileRef = 490B4CEB2ADF88240039E21B /* MatematicsOperation.swift */; };
		490B4CED2ADF88240039E21B /* MatematicsOperation.swift in Sources */ = {isa = PBXBuildFile; fileRef = 490B4CEB2ADF88240039E21B /* MatematicsOperation.swift */; };
		490B4CEE2ADF88240039E21B /* MatematicsOperation.swift in Sources */ = {isa = PBXBuildFile; fileRef = 490B4CEB2ADF88240039E21B /* MatematicsOperation.swift */; };
		490B4CF12ADF88340039E21B /* MatematicsTest.swift in Sources */ = {isa = PBXBuildFile; fileRef = 490B4CEF2ADF88340039E21B /* MatematicsTest.swift */; };
/* End PBXBuildFile section */

/* Begin PBXContainerItemProxy section */
		490B4CCF2ADF88030039E21B /* PBXContainerItemProxy */ = {
			isa = PBXContainerItemProxy;
			containerPortal = 490B4CB62ADF88000039E21B /* Project object */;
			proxyType = 1;
			remoteGlobalIDString = 490B4CBD2ADF88000039E21B;
			remoteInfo = Modulo13Test;
		};
		490B4CD92ADF88030039E21B /* PBXContainerItemProxy */ = {
			isa = PBXContainerItemProxy;
			containerPortal = 490B4CB62ADF88000039E21B /* Project object */;
			proxyType = 1;
			remoteGlobalIDString = 490B4CBD2ADF88000039E21B;
			remoteInfo = Modulo13Test;
		};
/* End PBXContainerItemProxy section */

/* Begin PBXFileReference section */
		490B4CBE2ADF88000039E21B /* Modulo13Test.app */ = {isa = PBXFileReference; explicitFileType = wrapper.application; includeInIndex = 0; path = Modulo13Test.app; sourceTree = BUILT_PRODUCTS_DIR; };
		490B4CC12ADF88000039E21B /* Modulo13TestApp.swift */ = {isa = PBXFileReference; lastKnownFileType = sourcecode.swift; path = Modulo13TestApp.swift; sourceTree = "<group>"; };
		490B4CC32ADF88000039E21B /* ContentView.swift */ = {isa = PBXFileReference; lastKnownFileType = sourcecode.swift; path = ContentView.swift; sourceTree = "<group>"; };
		490B4CC52ADF88030039E21B /* Assets.xcassets */ = {isa = PBXFileReference; lastKnownFileType = folder.assetcatalog; path = Assets.xcassets; sourceTree = "<group>"; };
		490B4CC82ADF88030039E21B /* Preview Assets.xcassets */ = {isa = PBXFileReference; lastKnownFileType = folder.assetcatalog; path = "Preview Assets.xcassets"; sourceTree = "<group>"; };
		490B4CCE2ADF88030039E21B /* Modulo13TestTests.xctest */ = {isa = PBXFileReference; explicitFileType = wrapper.cfbundle; includeInIndex = 0; path = Modulo13TestTests.xctest; sourceTree = BUILT_PRODUCTS_DIR; };
		490B4CD22ADF88030039E21B /* Modulo13TestTests.swift */ = {isa = PBXFileReference; lastKnownFileType = sourcecode.swift; path = Modulo13TestTests.swift; sourceTree = "<group>"; };
		490B4CD82ADF88030039E21B /* Modulo13TestUITests.xctest */ = {isa = PBXFileReference; explicitFileType = wrapper.cfbundle; includeInIndex = 0; path = Modulo13TestUITests.xctest; sourceTree = BUILT_PRODUCTS_DIR; };
		490B4CDC2ADF88030039E21B /* Modulo13TestUITests.swift */ = {isa = PBXFileReference; lastKnownFileType = sourcecode.swift; path = Modulo13TestUITests.swift; sourceTree = "<group>"; };
		490B4CDE2ADF88030039E21B /* Modulo13TestUITestsLaunchTests.swift */ = {isa = PBXFileReference; lastKnownFileType = sourcecode.swift; path = Modulo13TestUITestsLaunchTests.swift; sourceTree = "<group>"; };
		490B4CEB2ADF88240039E21B /* MatematicsOperation.swift */ = {isa = PBXFileReference; fileEncoding = 4; lastKnownFileType = sourcecode.swift; path = MatematicsOperation.swift; sourceTree = "<group>"; };
		490B4CEF2ADF88340039E21B /* MatematicsTest.swift */ = {isa = PBXFileReference; fileEncoding = 4; lastKnownFileType = sourcecode.swift; path = MatematicsTest.swift; sourceTree = "<group>"; };
/* End PBXFileReference section */

/* Begin PBXFrameworksBuildPhase section */
		490B4CBB2ADF88000039E21B /* Frameworks */ = {
			isa = PBXFrameworksBuildPhase;
			buildActionMask = 2147483647;
			files = (
			);
			runOnlyForDeploymentPostprocessing = 0;
		};
		490B4CCB2ADF88030039E21B /* Frameworks */ = {
			isa = PBXFrameworksBuildPhase;
			buildActionMask = 2147483647;
			files = (
			);
			runOnlyForDeploymentPostprocessing = 0;
		};
		490B4CD52ADF88030039E21B /* Frameworks */ = {
			isa = PBXFrameworksBuildPhase;
			buildActionMask = 2147483647;
			files = (
			);
			runOnlyForDeploymentPostprocessing = 0;
		};
/* End PBXFrameworksBuildPhase section */

/* Begin PBXGroup section */
		490B4CB52ADF88000039E21B = {
			isa = PBXGroup;
			children = (
				490B4CC02ADF88000039E21B /* Modulo13Test */,
				490B4CD12ADF88030039E21B /* Modulo13TestTests */,
				490B4CDB2ADF88030039E21B /* Modulo13TestUITests */,
				490B4CBF2ADF88000039E21B /* Products */,
			);
			sourceTree = "<group>";
		};
		490B4CBF2ADF88000039E21B /* Products */ = {
			isa = PBXGroup;
			children = (
				490B4CBE2ADF88000039E21B /* Modulo13Test.app */,
				490B4CCE2ADF88030039E21B /* Modulo13TestTests.xctest */,
				490B4CD82ADF88030039E21B /* Modulo13TestUITests.xctest */,
			);
			name = Products;
			sourceTree = "<group>";
		};
		490B4CC02ADF88000039E21B /* Modulo13Test */ = {
			isa = PBXGroup;
			children = (
				490B4CC12ADF88000039E21B /* Modulo13TestApp.swift */,
				490B4CC32ADF88000039E21B /* ContentView.swift */,
				490B4CEB2ADF88240039E21B /* MatematicsOperation.swift */,
				490B4CC52ADF88030039E21B /* Assets.xcassets */,
				490B4CC72ADF88030039E21B /* Preview Content */,
			);
			path = Modulo13Test;
			sourceTree = "<group>";
		};
		490B4CC72ADF88030039E21B /* Preview Content */ = {
			isa = PBXGroup;
			children = (
				490B4CC82ADF88030039E21B /* Preview Assets.xcassets */,
			);
			path = "Preview Content";
			sourceTree = "<group>";
		};
		490B4CD12ADF88030039E21B /* Modulo13TestTests */ = {
			isa = PBXGroup;
			children = (
				490B4CEF2ADF88340039E21B /* MatematicsTest.swift */,
				490B4CD22ADF88030039E21B /* Modulo13TestTests.swift */,
			);
			path = Modulo13TestTests;
			sourceTree = "<group>";
		};
		490B4CDB2ADF88030039E21B /* Modulo13TestUITests */ = {
			isa = PBXGroup;
			children = (
				490B4CDC2ADF88030039E21B /* Modulo13TestUITests.swift */,
				490B4CDE2ADF88030039E21B /* Modulo13TestUITestsLaunchTests.swift */,
			);
			path = Modulo13TestUITests;
			sourceTree = "<group>";
		};
/* End PBXGroup section */

/* Begin PBXNativeTarget section */
		490B4CBD2ADF88000039E21B /* Modulo13Test */ = {
			isa = PBXNativeTarget;
			buildConfigurationList = 490B4CE22ADF88030039E21B /* Build configuration list for PBXNativeTarget "Modulo13Test" */;
			buildPhases = (
				490B4CBA2ADF88000039E21B /* Sources */,
				490B4CBB2ADF88000039E21B /* Frameworks */,
				490B4CBC2ADF88000039E21B /* Resources */,
			);
			buildRules = (
			);
			dependencies = (
			);
			name = Modulo13Test;
			productName = Modulo13Test;
			productReference = 490B4CBE2ADF88000039E21B /* Modulo13Test.app */;
			productType = "com.apple.product-type.application";
		};
		490B4CCD2ADF88030039E21B /* Modulo13TestTests */ = {
			isa = PBXNativeTarget;
			buildConfigurationList = 490B4CE52ADF88030039E21B /* Build configuration list for PBXNativeTarget "Modulo13TestTests" */;
			buildPhases = (
				490B4CCA2ADF88030039E21B /* Sources */,
				490B4CCB2ADF88030039E21B /* Frameworks */,
				490B4CCC2ADF88030039E21B /* Resources */,
			);
			buildRules = (
			);
			dependencies = (
				490B4CD02ADF88030039E21B /* PBXTargetDependency */,
			);
			name = Modulo13TestTests;
			productName = Modulo13TestTests;
			productReference = 490B4CCE2ADF88030039E21B /* Modulo13TestTests.xctest */;
			productType = "com.apple.product-type.bundle.unit-test";
		};
		490B4CD72ADF88030039E21B /* Modulo13TestUITests */ = {
			isa = PBXNativeTarget;
			buildConfigurationList = 490B4CE82ADF88030039E21B /* Build configuration list for PBXNativeTarget "Modulo13TestUITests" */;
			buildPhases = (
				490B4CD42ADF88030039E21B /* Sources */,
				490B4CD52ADF88030039E21B /* Frameworks */,
				490B4CD62ADF88030039E21B /* Resources */,
			);
			buildRules = (
			);
			dependencies = (
				490B4CDA2ADF88030039E21B /* PBXTargetDependency */,
			);
			name = Modulo13TestUITests;
			productName = Modulo13TestUITests;
			productReference = 490B4CD82ADF88030039E21B /* Modulo13TestUITests.xctest */;
			productType = "com.apple.product-type.bundle.ui-testing";
		};
/* End PBXNativeTarget section */

/* Begin PBXProject section */
		490B4CB62ADF88000039E21B /* Project object */ = {
			isa = PBXProject;
			attributes = {
				BuildIndependentTargetsInParallel = 1;
				LastSwiftUpdateCheck = 1500;
				LastUpgradeCheck = 1500;
				TargetAttributes = {
					490B4CBD2ADF88000039E21B = {
						CreatedOnToolsVersion = 15.0;
					};
					490B4CCD2ADF88030039E21B = {
						CreatedOnToolsVersion = 15.0;
						TestTargetID = 490B4CBD2ADF88000039E21B;
					};
					490B4CD72ADF88030039E21B = {
						CreatedOnToolsVersion = 15.0;
						TestTargetID = 490B4CBD2ADF88000039E21B;
					};
				};
			};
			buildConfigurationList = 490B4CB92ADF88000039E21B /* Build configuration list for PBXProject "Modulo13Test" */;
			compatibilityVersion = "Xcode 14.0";
			developmentRegion = en;
			hasScannedForEncodings = 0;
			knownRegions = (
				en,
				Base,
			);
			mainGroup = 490B4CB52ADF88000039E21B;
			productRefGroup = 490B4CBF2ADF88000039E21B /* Products */;
			projectDirPath = "";
			projectRoot = "";
			targets = (
				490B4CBD2ADF88000039E21B /* Modulo13Test */,
				490B4CCD2ADF88030039E21B /* Modulo13TestTests */,
				490B4CD72ADF88030039E21B /* Modulo13TestUITests */,
			);
		};
/* End PBXProject section */

/* Begin PBXResourcesBuildPhase section */
		490B4CBC2ADF88000039E21B /* Resources */ = {
			isa = PBXResourcesBuildPhase;
			buildActionMask = 2147483647;
			files = (
				490B4CC92ADF88030039E21B /* Preview Assets.xcassets in Resources */,
				490B4CC62ADF88030039E21B /* Assets.xcassets in Resources */,
			);
			runOnlyForDeploymentPostprocessing = 0;
		};
		490B4CCC2ADF88030039E21B /* Resources */ = {
			isa = PBXResourcesBuildPhase;
			buildActionMask = 2147483647;
			files = (
			);
			runOnlyForDeploymentPostprocessing = 0;
		};
		490B4CD62ADF88030039E21B /* Resources */ = {
			isa = PBXResourcesBuildPhase;
			buildActionMask = 2147483647;
			files = (
			);
			runOnlyForDeploymentPostprocessing = 0;
		};
/* End PBXResourcesBuildPhase section */

/* Begin PBXSourcesBuildPhase section */
		490B4CBA2ADF88000039E21B /* Sources */ = {
			isa = PBXSourcesBuildPhase;
			buildActionMask = 2147483647;
			files = (
				490B4CEC2ADF88240039E21B /* MatematicsOperation.swift in Sources */,
				490B4CC42ADF88000039E21B /* ContentView.swift in Sources */,
				490B4CC22ADF88000039E21B /* Modulo13TestApp.swift in Sources */,
			);
			runOnlyForDeploymentPostprocessing = 0;
		};
		490B4CCA2ADF88030039E21B /* Sources */ = {
			isa = PBXSourcesBuildPhase;
			buildActionMask = 2147483647;
			files = (
				490B4CD32ADF88030039E21B /* Modulo13TestTests.swift in Sources */,
				490B4CED2ADF88240039E21B /* MatematicsOperation.swift in Sources */,
				490B4CF12ADF88340039E21B /* MatematicsTest.swift in Sources */,
			);
			runOnlyForDeploymentPostprocessing = 0;
		};
		490B4CD42ADF88030039E21B /* Sources */ = {
			isa = PBXSourcesBuildPhase;
			buildActionMask = 2147483647;
			files = (
				490B4CEE2ADF88240039E21B /* MatematicsOperation.swift in Sources */,
				490B4CDF2ADF88030039E21B /* Modulo13TestUITestsLaunchTests.swift in Sources */,
				490B4CDD2ADF88030039E21B /* Modulo13TestUITests.swift in Sources */,
			);
			runOnlyForDeploymentPostprocessing = 0;
		};
/* End PBXSourcesBuildPhase section */

/* Begin PBXTargetDependency section */
		490B4CD02ADF88030039E21B /* PBXTargetDependency */ = {
			isa = PBXTargetDependency;
			target = 490B4CBD2ADF88000039E21B /* Modulo13Test */;
			targetProxy = 490B4CCF2ADF88030039E21B /* PBXContainerItemProxy */;
		};
		490B4CDA2ADF88030039E21B /* PBXTargetDependency */ = {
			isa = PBXTargetDependency;
			target = 490B4CBD2ADF88000039E21B /* Modulo13Test */;
			targetProxy = 490B4CD92ADF88030039E21B /* PBXContainerItemProxy */;
		};
/* End PBXTargetDependency section */

/* Begin XCBuildConfiguration section */
		490B4CE02ADF88030039E21B /* Debug */ = {
			isa = XCBuildConfiguration;
			buildSettings = {
				ALWAYS_SEARCH_USER_PATHS = NO;
				ASSETCATALOG_COMPILER_GENERATE_SWIFT_ASSET_SYMBOL_EXTENSIONS = YES;
				CLANG_ANALYZER_NONNULL = YES;
				CLANG_ANALYZER_NUMBER_OBJECT_CONVERSION = YES_AGGRESSIVE;
				CLANG_CXX_LANGUAGE_STANDARD = "gnu++20";
				CLANG_ENABLE_MODULES = YES;
				CLANG_ENABLE_OBJC_ARC = YES;
				CLANG_ENABLE_OBJC_WEAK = YES;
				CLANG_WARN_BLOCK_CAPTURE_AUTORELEASING = YES;
				CLANG_WARN_BOOL_CONVERSION = YES;
				CLANG_WARN_COMMA = YES;
				CLANG_WARN_CONSTANT_CONVERSION = YES;
				CLANG_WARN_DEPRECATED_OBJC_IMPLEMENTATIONS = YES;
				CLANG_WARN_DIRECT_OBJC_ISA_USAGE = YES_ERROR;
				CLANG_WARN_DOCUMENTATION_COMMENTS = YES;
				CLANG_WARN_EMPTY_BODY = YES;
				CLANG_WARN_ENUM_CONVERSION = YES;
				CLANG_WARN_INFINITE_RECURSION = YES;
				CLANG_WARN_INT_CONVERSION = YES;
				CLANG_WARN_NON_LITERAL_NULL_CONVERSION = YES;
				CLANG_WARN_OBJC_IMPLICIT_RETAIN_SELF = YES;
				CLANG_WARN_OBJC_LITERAL_CONVERSION = YES;
				CLANG_WARN_OBJC_ROOT_CLASS = YES_ERROR;
				CLANG_WARN_QUOTED_INCLUDE_IN_FRAMEWORK_HEADER = YES;
				CLANG_WARN_RANGE_LOOP_ANALYSIS = YES;
				CLANG_WARN_STRICT_PROTOTYPES = YES;
				CLANG_WARN_SUSPICIOUS_MOVE = YES;
				CLANG_WARN_UNGUARDED_AVAILABILITY = YES_AGGRESSIVE;
				CLANG_WARN_UNREACHABLE_CODE = YES;
				CLANG_WARN__DUPLICATE_METHOD_MATCH = YES;
				COPY_PHASE_STRIP = NO;
				DEBUG_INFORMATION_FORMAT = dwarf;
				ENABLE_STRICT_OBJC_MSGSEND = YES;
				ENABLE_TESTABILITY = YES;
				ENABLE_USER_SCRIPT_SANDBOXING = YES;
				GCC_C_LANGUAGE_STANDARD = gnu17;
				GCC_DYNAMIC_NO_PIC = NO;
				GCC_NO_COMMON_BLOCKS = YES;
				GCC_OPTIMIZATION_LEVEL = 0;
				GCC_PREPROCESSOR_DEFINITIONS = (
					"DEBUG=1",
					"$(inherited)",
				);
				GCC_WARN_64_TO_32_BIT_CONVERSION = YES;
				GCC_WARN_ABOUT_RETURN_TYPE = YES_ERROR;
				GCC_WARN_UNDECLARED_SELECTOR = YES;
				GCC_WARN_UNINITIALIZED_AUTOS = YES_AGGRESSIVE;
				GCC_WARN_UNUSED_FUNCTION = YES;
				GCC_WARN_UNUSED_VARIABLE = YES;
				IPHONEOS_DEPLOYMENT_TARGET = 17.0;
				LOCALIZATION_PREFERS_STRING_CATALOGS = YES;
				MTL_ENABLE_DEBUG_INFO = INCLUDE_SOURCE;
				MTL_FAST_MATH = YES;
				ONLY_ACTIVE_ARCH = YES;
				SDKROOT = iphoneos;
				SWIFT_ACTIVE_COMPILATION_CONDITIONS = "DEBUG $(inherited)";
				SWIFT_OPTIMIZATION_LEVEL = "-Onone";
			};
			name = Debug;
		};
		490B4CE12ADF88030039E21B /* Release */ = {
			isa = XCBuildConfiguration;
			buildSettings = {
				ALWAYS_SEARCH_USER_PATHS = NO;
				ASSETCATALOG_COMPILER_GENERATE_SWIFT_ASSET_SYMBOL_EXTENSIONS = YES;
				CLANG_ANALYZER_NONNULL = YES;
				CLANG_ANALYZER_NUMBER_OBJECT_CONVERSION = YES_AGGRESSIVE;
				CLANG_CXX_LANGUAGE_STANDARD = "gnu++20";
				CLANG_ENABLE_MODULES = YES;
				CLANG_ENABLE_OBJC_ARC = YES;
				CLANG_ENABLE_OBJC_WEAK = YES;
				CLANG_WARN_BLOCK_CAPTURE_AUTORELEASING = YES;
				CLANG_WARN_BOOL_CONVERSION = YES;
				CLANG_WARN_COMMA = YES;
				CLANG_WARN_CONSTANT_CONVERSION = YES;
				CLANG_WARN_DEPRECATED_OBJC_IMPLEMENTATIONS = YES;
				CLANG_WARN_DIRECT_OBJC_ISA_USAGE = YES_ERROR;
				CLANG_WARN_DOCUMENTATION_COMMENTS = YES;
				CLANG_WARN_EMPTY_BODY = YES;
				CLANG_WARN_ENUM_CONVERSION = YES;
				CLANG_WARN_INFINITE_RECURSION = YES;
				CLANG_WARN_INT_CONVERSION = YES;
				CLANG_WARN_NON_LITERAL_NULL_CONVERSION = YES;
				CLANG_WARN_OBJC_IMPLICIT_RETAIN_SELF = YES;
				CLANG_WARN_OBJC_LITERAL_CONVERSION = YES;
				CLANG_WARN_OBJC_ROOT_CLASS = YES_ERROR;
				CLANG_WARN_QUOTED_INCLUDE_IN_FRAMEWORK_HEADER = YES;
				CLANG_WARN_RANGE_LOOP_ANALYSIS = YES;
				CLANG_WARN_STRICT_PROTOTYPES = YES;
				CLANG_WARN_SUSPICIOUS_MOVE = YES;
				CLANG_WARN_UNGUARDED_AVAILABILITY = YES_AGGRESSIVE;
				CLANG_WARN_UNREACHABLE_CODE = YES;
				CLANG_WARN__DUPLICATE_METHOD_MATCH = YES;
				COPY_PHASE_STRIP = NO;
				DEBUG_INFORMATION_FORMAT = "dwarf-with-dsym";
				ENABLE_NS_ASSERTIONS = NO;
				ENABLE_STRICT_OBJC_MSGSEND = YES;
				ENABLE_USER_SCRIPT_SANDBOXING = YES;
				GCC_C_LANGUAGE_STANDARD = gnu17;
				GCC_NO_COMMON_BLOCKS = YES;
				GCC_WARN_64_TO_32_BIT_CONVERSION = YES;
				GCC_WARN_ABOUT_RETURN_TYPE = YES_ERROR;
				GCC_WARN_UNDECLARED_SELECTOR = YES;
				GCC_WARN_UNINITIALIZED_AUTOS = YES_AGGRESSIVE;
				GCC_WARN_UNUSED_FUNCTION = YES;
				GCC_WARN_UNUSED_VARIABLE = YES;
				IPHONEOS_DEPLOYMENT_TARGET = 17.0;
				LOCALIZATION_PREFERS_STRING_CATALOGS = YES;
				MTL_ENABLE_DEBUG_INFO = NO;
				MTL_FAST_MATH = YES;
				SDKROOT = iphoneos;
				SWIFT_COMPILATION_MODE = wholemodule;
				VALIDATE_PRODUCT = YES;
			};
			name = Release;
		};
		490B4CE32ADF88030039E21B /* Debug */ = {
			isa = XCBuildConfiguration;
			buildSettings = {
				ASSETCATALOG_COMPILER_APPICON_NAME = AppIcon;
				ASSETCATALOG_COMPILER_GLOBAL_ACCENT_COLOR_NAME = AccentColor;
				CODE_SIGN_STYLE = Automatic;
				CURRENT_PROJECT_VERSION = 1;
				DEVELOPMENT_ASSET_PATHS = "\"Modulo13Test/Preview Content\"";
				DEVELOPMENT_TEAM = RL26U25QQS;
				ENABLE_PREVIEWS = YES;
				GENERATE_INFOPLIST_FILE = YES;
				INFOPLIST_KEY_UIApplicationSceneManifest_Generation = YES;
				INFOPLIST_KEY_UIApplicationSupportsIndirectInputEvents = YES;
				INFOPLIST_KEY_UILaunchScreen_Generation = YES;
				INFOPLIST_KEY_UISupportedInterfaceOrientations_iPad = "UIInterfaceOrientationPortrait UIInterfaceOrientationPortraitUpsideDown UIInterfaceOrientationLandscapeLeft UIInterfaceOrientationLandscapeRight";
				INFOPLIST_KEY_UISupportedInterfaceOrientations_iPhone = "UIInterfaceOrientationPortrait UIInterfaceOrientationLandscapeLeft UIInterfaceOrientationLandscapeRight";
				LD_RUNPATH_SEARCH_PATHS = (
					"$(inherited)",
					"@executable_path/Frameworks",
				);
				MARKETING_VERSION = 1.0;
				PRODUCT_BUNDLE_IDENTIFIER = com.danielmateos14.Modulo13Test;
				PRODUCT_NAME = "$(TARGET_NAME)";
				SWIFT_EMIT_LOC_STRINGS = YES;
				SWIFT_VERSION = 5.0;
				TARGETED_DEVICE_FAMILY = "1,2";
			};
			name = Debug;
		};
		490B4CE42ADF88030039E21B /* Release */ = {
			isa = XCBuildConfiguration;
			buildSettings = {
				ASSETCATALOG_COMPILER_APPICON_NAME = AppIcon;
				ASSETCATALOG_COMPILER_GLOBAL_ACCENT_COLOR_NAME = AccentColor;
				CODE_SIGN_STYLE = Automatic;
				CURRENT_PROJECT_VERSION = 1;
				DEVELOPMENT_ASSET_PATHS = "\"Modulo13Test/Preview Content\"";
				DEVELOPMENT_TEAM = RL26U25QQS;
				ENABLE_PREVIEWS = YES;
				GENERATE_INFOPLIST_FILE = YES;
				INFOPLIST_KEY_UIApplicationSceneManifest_Generation = YES;
				INFOPLIST_KEY_UIApplicationSupportsIndirectInputEvents = YES;
				INFOPLIST_KEY_UILaunchScreen_Generation = YES;
				INFOPLIST_KEY_UISupportedInterfaceOrientations_iPad = "UIInterfaceOrientationPortrait UIInterfaceOrientationPortraitUpsideDown UIInterfaceOrientationLandscapeLeft UIInterfaceOrientationLandscapeRight";
				INFOPLIST_KEY_UISupportedInterfaceOrientations_iPhone = "UIInterfaceOrientationPortrait UIInterfaceOrientationLandscapeLeft UIInterfaceOrientationLandscapeRight";
				LD_RUNPATH_SEARCH_PATHS = (
					"$(inherited)",
					"@executable_path/Frameworks",
				);
				MARKETING_VERSION = 1.0;
				PRODUCT_BUNDLE_IDENTIFIER = com.danielmateos14.Modulo13Test;
				PRODUCT_NAME = "$(TARGET_NAME)";
				SWIFT_EMIT_LOC_STRINGS = YES;
				SWIFT_VERSION = 5.0;
				TARGETED_DEVICE_FAMILY = "1,2";
			};
			name = Release;
		};
		490B4CE62ADF88030039E21B /* Debug */ = {
			isa = XCBuildConfiguration;
			buildSettings = {
				ALWAYS_EMBED_SWIFT_STANDARD_LIBRARIES = YES;
				BUNDLE_LOADER = "$(TEST_HOST)";
				CODE_SIGN_STYLE = Automatic;
				CURRENT_PROJECT_VERSION = 1;
				DEVELOPMENT_TEAM = RL26U25QQS;
				GENERATE_INFOPLIST_FILE = YES;
				IPHONEOS_DEPLOYMENT_TARGET = 17.0;
				MARKETING_VERSION = 1.0;
				PRODUCT_BUNDLE_IDENTIFIER = com.danielmateos14.Modulo13TestTests;
				PRODUCT_NAME = "$(TARGET_NAME)";
				SWIFT_EMIT_LOC_STRINGS = NO;
				SWIFT_VERSION = 5.0;
				TARGETED_DEVICE_FAMILY = "1,2";
				TEST_HOST = "$(BUILT_PRODUCTS_DIR)/Modulo13Test.app/$(BUNDLE_EXECUTABLE_FOLDER_PATH)/Modulo13Test";
			};
			name = Debug;
		};
		490B4CE72ADF88030039E21B /* Release */ = {
			isa = XCBuildConfiguration;
			buildSettings = {
				ALWAYS_EMBED_SWIFT_STANDARD_LIBRARIES = YES;
				BUNDLE_LOADER = "$(TEST_HOST)";
				CODE_SIGN_STYLE = Automatic;
				CURRENT_PROJECT_VERSION = 1;
				DEVELOPMENT_TEAM = RL26U25QQS;
				GENERATE_INFOPLIST_FILE = YES;
				IPHONEOS_DEPLOYMENT_TARGET = 17.0;
				MARKETING_VERSION = 1.0;
				PRODUCT_BUNDLE_IDENTIFIER = com.danielmateos14.Modulo13TestTests;
				PRODUCT_NAME = "$(TARGET_NAME)";
				SWIFT_EMIT_LOC_STRINGS = NO;
				SWIFT_VERSION = 5.0;
				TARGETED_DEVICE_FAMILY = "1,2";
				TEST_HOST = "$(BUILT_PRODUCTS_DIR)/Modulo13Test.app/$(BUNDLE_EXECUTABLE_FOLDER_PATH)/Modulo13Test";
			};
			name = Release;
		};
		490B4CE92ADF88030039E21B /* Debug */ = {
			isa = XCBuildConfiguration;
			buildSettings = {
				ALWAYS_EMBED_SWIFT_STANDARD_LIBRARIES = YES;
				CODE_SIGN_STYLE = Automatic;
				CURRENT_PROJECT_VERSION = 1;
				DEVELOPMENT_TEAM = RL26U25QQS;
				GENERATE_INFOPLIST_FILE = YES;
				MARKETING_VERSION = 1.0;
				PRODUCT_BUNDLE_IDENTIFIER = com.danielmateos14.Modulo13TestUITests;
				PRODUCT_NAME = "$(TARGET_NAME)";
				SWIFT_EMIT_LOC_STRINGS = NO;
				SWIFT_VERSION = 5.0;
				TARGETED_DEVICE_FAMILY = "1,2";
				TEST_TARGET_NAME = Modulo13Test;
			};
			name = Debug;
		};
		490B4CEA2ADF88030039E21B /* Release */ = {
			isa = XCBuildConfiguration;
			buildSettings = {
				ALWAYS_EMBED_SWIFT_STANDARD_LIBRARIES = YES;
				CODE_SIGN_STYLE = Automatic;
				CURRENT_PROJECT_VERSION = 1;
				DEVELOPMENT_TEAM = RL26U25QQS;
				GENERATE_INFOPLIST_FILE = YES;
				MARKETING_VERSION = 1.0;
				PRODUCT_BUNDLE_IDENTIFIER = com.danielmateos14.Modulo13TestUITests;
				PRODUCT_NAME = "$(TARGET_NAME)";
				SWIFT_EMIT_LOC_STRINGS = NO;
				SWIFT_VERSION = 5.0;
				TARGETED_DEVICE_FAMILY = "1,2";
				TEST_TARGET_NAME = Modulo13Test;
			};
			name = Release;
		};
/* End XCBuildConfiguration section */

/* Begin XCConfigurationList section */
		490B4CB92ADF88000039E21B /* Build configuration list for PBXProject "Modulo13Test" */ = {
			isa = XCConfigurationList;
			buildConfigurations = (
				490B4CE02ADF88030039E21B /* Debug */,
				490B4CE12ADF88030039E21B /* Release */,
			);
			defaultConfigurationIsVisible = 0;
			defaultConfigurationName = Release;
		};
		490B4CE22ADF88030039E21B /* Build configuration list for PBXNativeTarget "Modulo13Test" */ = {
			isa = XCConfigurationList;
			buildConfigurations = (
				490B4CE32ADF88030039E21B /* Debug */,
				490B4CE42ADF88030039E21B /* Release */,
			);
			defaultConfigurationIsVisible = 0;
			defaultConfigurationName = Release;
		};
		490B4CE52ADF88030039E21B /* Build configuration list for PBXNativeTarget "Modulo13TestTests" */ = {
			isa = XCConfigurationList;
			buildConfigurations = (
				490B4CE62ADF88030039E21B /* Debug */,
				490B4CE72ADF88030039E21B /* Release */,
			);
			defaultConfigurationIsVisible = 0;
			defaultConfigurationName = Release;
		};
		490B4CE82ADF88030039E21B /* Build configuration list for PBXNativeTarget "Modulo13TestUITests" */ = {
			isa = XCConfigurationList;
			buildConfigurations = (
				490B4CE92ADF88030039E21B /* Debug */,
				490B4CEA2ADF88030039E21B /* Release */,
			);
			defaultConfigurationIsVisible = 0;
			defaultConfigurationName = Release;
		};
/* End XCConfigurationList section */
	};
	rootObject = 490B4CB62ADF88000039E21B /* Project object */;
}
